
Microsoft Visual Studio Solution File, Format Version 12.00
# Visual Studio Version 17
VisualStudioVersion = 17.0.32126.317
MinimumVisualStudioVersion = 10.0.40219.1
Project("{FAE04EC0-301F-11D3-BF4B-00C04F79EFBC}") = "Taller 17.02", "Taller 17.02\Taller 17.02.csproj", "{7418F0F5-EC1E-483F-AE00-5A08CFFDA44D}"
EndProject
Global
	GlobalSection(SolutionConfigurationPlatforms) = preSolution
		Debug|Any CPU = Debug|Any CPU
		Release|Any CPU = Release|Any CPU
	EndGlobalSection
	GlobalSection(ProjectConfigurationPlatforms) = postSolution
		{7418F0F5-EC1E-483F-AE00-5A08CFFDA44D}.Debug|Any CPU.ActiveCfg = Debug|Any CPU
		{7418F0F5-EC1E-483F-AE00-5A08CFFDA44D}.Debug|Any CPU.Build.0 = Debug|Any CPU
		{7418F0F5-EC1E-483F-AE00-5A08CFFDA44D}.Release|Any CPU.ActiveCfg = Release|Any CPU
		{7418F0F5-EC1E-483F-AE00-5A08CFFDA44D}.Release|Any CPU.Build.0 = Release|Any CPU
	EndGlobalSection
	GlobalSection(SolutionProperties) = preSolution
		HideSolutionNode = FALSE
	EndGlobalSection
	GlobalSection(ExtensibilityGlobals) = postSolution
		SolutionGuid = {85B1F896-6BA4-48F7-A610-8502E9F2F42A}
	EndGlobalSection
EndGlobal
